// !$*UTF8*$!
{
	archiveVersion = 1;
	classes = {
	};
	objectVersion = 46;
	objects = {

/* Begin PBXBuildFile section */
		FAAAC0C01AE681FE00EF3015 /* AppDelegate.swift in Sources */ = {isa = PBXBuildFile; fileRef = FAAAC0BF1AE681FE00EF3015 /* AppDelegate.swift */; };
		FAAAC0C71AE681FE00EF3015 /* Main.storyboard in Resources */ = {isa = PBXBuildFile; fileRef = FAAAC0C51AE681FE00EF3015 /* Main.storyboard */; };
		FAAAC0C91AE681FE00EF3015 /* Images.xcassets in Resources */ = {isa = PBXBuildFile; fileRef = FAAAC0C81AE681FE00EF3015 /* Images.xcassets */; };
		FAAAC0CC1AE681FE00EF3015 /* LaunchScreen.xib in Resources */ = {isa = PBXBuildFile; fileRef = FAAAC0CA1AE681FE00EF3015 /* LaunchScreen.xib */; };
		FAAAC0D81AE681FE00EF3015 /* HappinessTests.swift in Sources */ = {isa = PBXBuildFile; fileRef = FAAAC0D71AE681FE00EF3015 /* HappinessTests.swift */; };
		FAAAC0E21AE682FB00EF3015 /* HappinessViewController.swift in Sources */ = {isa = PBXBuildFile; fileRef = FAAAC0E11AE682FB00EF3015 /* HappinessViewController.swift */; };
		FAAAC0E61AE684A700EF3015 /* FaceView.swift in Sources */ = {isa = PBXBuildFile; fileRef = FAAAC0E51AE684A700EF3015 /* FaceView.swift */; };
/* End PBXBuildFile section */

/* Begin PBXContainerItemProxy section */
		FAAAC0D21AE681FE00EF3015 /* PBXContainerItemProxy */ = {
			isa = PBXContainerItemProxy;
			containerPortal = FAAAC0B21AE681FD00EF3015 /* Project object */;
			proxyType = 1;
			remoteGlobalIDString = FAAAC0B91AE681FE00EF3015;
			remoteInfo = Happiness;
		};
/* End PBXContainerItemProxy section */

/* Begin PBXFileReference section */
		FAAAC0BA1AE681FE00EF3015 /* Happiness.app */ = {isa = PBXFileReference; explicitFileType = wrapper.application; includeInIndex = 0; path = Happiness.app; sourceTree = BUILT_PRODUCTS_DIR; };
		FAAAC0BE1AE681FE00EF3015 /* Info.plist */ = {isa = PBXFileReference; lastKnownFileType = text.plist.xml; path = Info.plist; sourceTree = "<group>"; };
		FAAAC0BF1AE681FE00EF3015 /* AppDelegate.swift */ = {isa = PBXFileReference; lastKnownFileType = sourcecode.swift; path = AppDelegate.swift; sourceTree = "<group>"; };
		FAAAC0C61AE681FE00EF3015 /* Base */ = {isa = PBXFileReference; lastKnownFileType = file.storyboard; name = Base; path = Base.lproj/Main.storyboard; sourceTree = "<group>"; };
		FAAAC0C81AE681FE00EF3015 /* Images.xcassets */ = {isa = PBXFileReference; lastKnownFileType = folder.assetcatalog; path = Images.xcassets; sourceTree = "<group>"; };
		FAAAC0CB1AE681FE00EF3015 /* Base */ = {isa = PBXFileReference; lastKnownFileType = file.xib; name = Base; path = Base.lproj/LaunchScreen.xib; sourceTree = "<group>"; };
		FAAAC0D11AE681FE00EF3015 /* HappinessTests.xctest */ = {isa = PBXFileReference; explicitFileType = wrapper.cfbundle; includeInIndex = 0; path = HappinessTests.xctest; sourceTree = BUILT_PRODUCTS_DIR; };
		FAAAC0D61AE681FE00EF3015 /* Info.plist */ = {isa = PBXFileReference; lastKnownFileType = text.plist.xml; path = Info.plist; sourceTree = "<group>"; };
		FAAAC0D71AE681FE00EF3015 /* HappinessTests.swift */ = {isa = PBXFileReference; lastKnownFileType = sourcecode.swift; path = HappinessTests.swift; sourceTree = "<group>"; };
		FAAAC0E11AE682FB00EF3015 /* HappinessViewController.swift */ = {isa = PBXFileReference; fileEncoding = 4; lastKnownFileType = sourcecode.swift; path = HappinessViewController.swift; sourceTree = "<group>"; };
		FAAAC0E51AE684A700EF3015 /* FaceView.swift */ = {isa = PBXFileReference; fileEncoding = 4; lastKnownFileType = sourcecode.swift; path = FaceView.swift; sourceTree = "<group>"; };
/* End PBXFileReference section */

/* Begin PBXFrameworksBuildPhase section */
		FAAAC0B71AE681FE00EF3015 /* Frameworks */ = {
			isa = PBXFrameworksBuildPhase;
			buildActionMask = 2147483647;
			files = (
			);
			runOnlyForDeploymentPostprocessing = 0;
		};
		FAAAC0CE1AE681FE00EF3015 /* Frameworks */ = {
			isa = PBXFrameworksBuildPhase;
			buildActionMask = 2147483647;
			files = (
			);
			runOnlyForDeploymentPostprocessing = 0;
		};
/* End PBXFrameworksBuildPhase section */

/* Begin PBXGroup section */
		FAAAC0B11AE681FD00EF3015 = {
			isa = PBXGroup;
			children = (
				FAAAC0BC1AE681FE00EF3015 /* Happiness */,
				FAAAC0D41AE681FE00EF3015 /* HappinessTests */,
				FAAAC0BB1AE681FE00EF3015 /* Products */,
			);
			sourceTree = "<group>";
		};
		FAAAC0BB1AE681FE00EF3015 /* Products */ = {
			isa = PBXGroup;
			children = (
				FAAAC0BA1AE681FE00EF3015 /* Happiness.app */,
				FAAAC0D11AE681FE00EF3015 /* HappinessTests.xctest */,
			);
			name = Products;
			sourceTree = "<group>";
		};
		FAAAC0BC1AE681FE00EF3015 /* Happiness */ = {
			isa = PBXGroup;
			children = (
				FAAAC0E51AE684A700EF3015 /* FaceView.swift */,
				FAAAC0E11AE682FB00EF3015 /* HappinessViewController.swift */,
				FAAAC0C51AE681FE00EF3015 /* Main.storyboard */,
				FAAAC0BD1AE681FE00EF3015 /* Supporting Files */,
			);
			path = Happiness;
			sourceTree = "<group>";
		};
		FAAAC0BD1AE681FE00EF3015 /* Supporting Files */ = {
			isa = PBXGroup;
			children = (
				FAAAC0BF1AE681FE00EF3015 /* AppDelegate.swift */,
				FAAAC0C81AE681FE00EF3015 /* Images.xcassets */,
				FAAAC0CA1AE681FE00EF3015 /* LaunchScreen.xib */,
				FAAAC0BE1AE681FE00EF3015 /* Info.plist */,
			);
			name = "Supporting Files";
			sourceTree = "<group>";
		};
		FAAAC0D41AE681FE00EF3015 /* HappinessTests */ = {
			isa = PBXGroup;
			children = (
				FAAAC0D71AE681FE00EF3015 /* HappinessTests.swift */,
				FAAAC0D51AE681FE00EF3015 /* Supporting Files */,
			);
			path = HappinessTests;
			sourceTree = "<group>";
		};
		FAAAC0D51AE681FE00EF3015 /* Supporting Files */ = {
			isa = PBXGroup;
			children = (
				FAAAC0D61AE681FE00EF3015 /* Info.plist */,
			);
			name = "Supporting Files";
			sourceTree = "<group>";
		};
/* End PBXGroup section */

/* Begin PBXNativeTarget section */
		FAAAC0B91AE681FE00EF3015 /* Happiness */ = {
			isa = PBXNativeTarget;
			buildConfigurationList = FAAAC0DB1AE681FE00EF3015 /* Build configuration list for PBXNativeTarget "Happiness" */;
			buildPhases = (
				FAAAC0B61AE681FE00EF3015 /* Sources */,
				FAAAC0B71AE681FE00EF3015 /* Frameworks */,
				FAAAC0B81AE681FE00EF3015 /* Resources */,
			);
			buildRules = (
			);
			dependencies = (
			);
			name = Happiness;
			productName = Happiness;
			productReference = FAAAC0BA1AE681FE00EF3015 /* Happiness.app */;
			productType = "com.apple.product-type.application";
		};
		FAAAC0D01AE681FE00EF3015 /* HappinessTests */ = {
			isa = PBXNativeTarget;
			buildConfigurationList = FAAAC0DE1AE681FE00EF3015 /* Build configuration list for PBXNativeTarget "HappinessTests" */;
			buildPhases = (
				FAAAC0CD1AE681FE00EF3015 /* Sources */,
				FAAAC0CE1AE681FE00EF3015 /* Frameworks */,
				FAAAC0CF1AE681FE00EF3015 /* Resources */,
			);
			buildRules = (
			);
			dependencies = (
				FAAAC0D31AE681FE00EF3015 /* PBXTargetDependency */,
			);
			name = HappinessTests;
			productName = HappinessTests;
			productReference = FAAAC0D11AE681FE00EF3015 /* HappinessTests.xctest */;
			productType = "com.apple.product-type.bundle.unit-test";
		};
/* End PBXNativeTarget section */

/* Begin PBXProject section */
		FAAAC0B21AE681FD00EF3015 /* Project object */ = {
			isa = PBXProject;
			attributes = {
				LastUpgradeCheck = 0630;
				ORGANIZATIONNAME = Alex;
				TargetAttributes = {
					FAAAC0B91AE681FE00EF3015 = {
						CreatedOnToolsVersion = 6.3;
					};
					FAAAC0D01AE681FE00EF3015 = {
						CreatedOnToolsVersion = 6.3;
						TestTargetID = FAAAC0B91AE681FE00EF3015;
					};
				};
			};
			buildConfigurationList = FAAAC0B51AE681FE00EF3015 /* Build configuration list for PBXProject "Happiness" */;
			compatibilityVersion = "Xcode 3.2";
			developmentRegion = English;
			hasScannedForEncodings = 0;
			knownRegions = (
				en,
				Base,
			);
			mainGroup = FAAAC0B11AE681FD00EF3015;
			productRefGroup = FAAAC0BB1AE681FE00EF3015 /* Products */;
			projectDirPath = "";
			projectRoot = "";
			targets = (
				FAAAC0B91AE681FE00EF3015 /* Happiness */,
				FAAAC0D01AE681FE00EF3015 /* HappinessTests */,
			);
		};
/* End PBXProject section */

/* Begin PBXResourcesBuildPhase section */
		FAAAC0B81AE681FE00EF3015 /* Resources */ = {
			isa = PBXResourcesBuildPhase;
			buildActionMask = 2147483647;
			files = (
				FAAAC0C71AE681FE00EF3015 /* Main.storyboard in Resources */,
				FAAAC0CC1AE681FE00EF3015 /* LaunchScreen.xib in Resources */,
				FAAAC0C91AE681FE00EF3015 /* Images.xcassets in Resources */,
			);
			runOnlyForDeploymentPostprocessing = 0;
		};
		FAAAC0CF1AE681FE00EF3015 /* Resources */ = {
			isa = PBXResourcesBuildPhase;
			buildActionMask = 2147483647;
			files = (
			);
			runOnlyForDeploymentPostprocessing = 0;
		};
/* End PBXResourcesBuildPhase section */

/* Begin PBXSourcesBuildPhase section */
		FAAAC0B61AE681FE00EF3015 /* Sources */ = {
			isa = PBXSourcesBuildPhase;
			buildActionMask = 2147483647;
			files = (
				FAAAC0E21AE682FB00EF3015 /* HappinessViewController.swift in Sources */,
				FAAAC0C01AE681FE00EF3015 /* AppDelegate.swift in Sources */,
				FAAAC0E61AE684A700EF3015 /* FaceView.swift in Sources */,
			);
			runOnlyForDeploymentPostprocessing = 0;
		};
		FAAAC0CD1AE681FE00EF3015 /* Sources */ = {
			isa = PBXSourcesBuildPhase;
			buildActionMask = 2147483647;
			files = (
				FAAAC0D81AE681FE00EF3015 /* HappinessTests.swift in Sources */,
			);
			runOnlyForDeploymentPostprocessing = 0;
		};
/* End PBXSourcesBuildPhase section */

/* Begin PBXTargetDependency section */
		FAAAC0D31AE681FE00EF3015 /* PBXTargetDependency */ = {
			isa = PBXTargetDependency;
			target = FAAAC0B91AE681FE00EF3015 /* Happiness */;
			targetProxy = FAAAC0D21AE681FE00EF3015 /* PBXContainerItemProxy */;
		};
/* End PBXTargetDependency section */

/* Begin PBXVariantGroup section */
		FAAAC0C51AE681FE00EF3015 /* Main.storyboard */ = {
			isa = PBXVariantGroup;
			children = (
				FAAAC0C61AE681FE00EF3015 /* Base */,
			);
			name = Main.storyboard;
			sourceTree = "<group>";
		};
		FAAAC0CA1AE681FE00EF3015 /* LaunchScreen.xib */ = {
			isa = PBXVariantGroup;
			children = (
				FAAAC0CB1AE681FE00EF3015 /* Base */,
			);
			name = LaunchScreen.xib;
			sourceTree = "<group>";
		};
/* End PBXVariantGroup section */

/* Begin XCBuildConfiguration section */
		FAAAC0D91AE681FE00EF3015 /* Debug */ = {
			isa = XCBuildConfiguration;
			buildSettings = {
				ALWAYS_SEARCH_USER_PATHS = NO;
				CLANG_CXX_LANGUAGE_STANDARD = "gnu++0x";
				CLANG_CXX_LIBRARY = "libc++";
				CLANG_ENABLE_MODULES = YES;
				CLANG_ENABLE_OBJC_ARC = YES;
				CLANG_WARN_BOOL_CONVERSION = YES;
				CLANG_WARN_CONSTANT_CONVERSION = YES;
				CLANG_WARN_DIRECT_OBJC_ISA_USAGE = YES_ERROR;
				CLANG_WARN_EMPTY_BODY = YES;
				CLANG_WARN_ENUM_CONVERSION = YES;
				CLANG_WARN_INT_CONVERSION = YES;
				CLANG_WARN_OBJC_ROOT_CLASS = YES_ERROR;
				CLANG_WARN_UNREACHABLE_CODE = YES;
				CLANG_WARN__DUPLICATE_METHOD_MATCH = YES;
				"CODE_SIGN_IDENTITY[sdk=iphoneos*]" = "iPhone Developer";
				COPY_PHASE_STRIP = NO;
				DEBUG_INFORMATION_FORMAT = "dwarf-with-dsym";
				ENABLE_STRICT_OBJC_MSGSEND = YES;
				GCC_C_LANGUAGE_STANDARD = gnu99;
				GCC_DYNAMIC_NO_PIC = NO;
				GCC_NO_COMMON_BLOCKS = YES;
				GCC_OPTIMIZATION_LEVEL = 0;
				GCC_PREPROCESSOR_DEFINITIONS = (
					"DEBUG=1",
					"$(inherited)",
				);
				GCC_SYMBOLS_PRIVATE_EXTERN = NO;
				GCC_WARN_64_TO_32_BIT_CONVERSION = YES;
				GCC_WARN_ABOUT_RETURN_TYPE = YES_ERROR;
				GCC_WARN_UNDECLARED_SELECTOR = YES;
				GCC_WARN_UNINITIALIZED_AUTOS = YES_AGGRESSIVE;
				GCC_WARN_UNUSED_FUNCTION = YES;
				GCC_WARN_UNUSED_VARIABLE = YES;
				IPHONEOS_DEPLOYMENT_TARGET = 8.3;
				MTL_ENABLE_DEBUG_INFO = YES;
				ONLY_ACTIVE_ARCH = YES;
				SDKROOT = iphoneos;
				SWIFT_OPTIMIZATION_LEVEL = "-Onone";
				TARGETED_DEVICE_FAMILY = "1,2";
			};
			name = Debug;
		};
		FAAAC0DA1AE681FE00EF3015 /* Release */ = {
			isa = XCBuildConfiguration;
			buildSettings = {
				ALWAYS_SEARCH_USER_PATHS = NO;
				CLANG_CXX_LANGUAGE_STANDARD = "gnu++0x";
				CLANG_CXX_LIBRARY = "libc++";
				CLANG_ENABLE_MODULES = YES;
				CLANG_ENABLE_OBJC_ARC = YES;
				CLANG_WARN_BOOL_CONVERSION = YES;
				CLANG_WARN_CONSTANT_CONVERSION = YES;
				CLANG_WARN_DIRECT_OBJC_ISA_USAGE = YES_ERROR;
				CLANG_WARN_EMPTY_BODY = YES;
				CLANG_WARN_ENUM_CONVERSION = YES;
				CLANG_WARN_INT_CONVERSION = YES;
				CLANG_WARN_OBJC_ROOT_CLASS = YES_ERROR;
				CLANG_WARN_UNREACHABLE_CODE = YES;
				CLANG_WARN__DUPLICATE_METHOD_MATCH = YES;
				"CODE_SIGN_IDENTITY[sdk=iphoneos*]" = "iPhone Developer";
				COPY_PHASE_STRIP = NO;
				DEBUG_INFORMATION_FORMAT = "dwarf-with-dsym";
				ENABLE_NS_ASSERTIONS = NO;
				ENABLE_STRICT_OBJC_MSGSEND = YES;
				GCC_C_LANGUAGE_STANDARD = gnu99;
				GCC_NO_COMMON_BLOCKS = YES;
				GCC_WARN_64_TO_32_BIT_CONVERSION = YES;
				GCC_WARN_ABOUT_RETURN_TYPE = YES_ERROR;
				GCC_WARN_UNDECLARED_SELECTOR = YES;
				GCC_WARN_UNINITIALIZED_AUTOS = YES_AGGRESSIVE;
				GCC_WARN_UNUSED_FUNCTION = YES;
				GCC_WARN_UNUSED_VARIABLE = YES;
				IPHONEOS_DEPLOYMENT_TARGET = 8.3;
				MTL_ENABLE_DEBUG_INFO = NO;
				SDKROOT = iphoneos;
				TARGETED_DEVICE_FAMILY = "1,2";
				VALIDATE_PRODUCT = YES;
			};
			name = Release;
		};
		FAAAC0DC1AE681FE00EF3015 /* Debug */ = {
			isa = XCBuildConfiguration;
			buildSettings = {
				ASSETCATALOG_COMPILER_APPICON_NAME = AppIcon;
				INFOPLIST_FILE = Happiness/Info.plist;
				LD_RUNPATH_SEARCH_PATHS = "$(inherited) @executable_path/Frameworks";
				PRODUCT_NAME = "$(TARGET_NAME)";
			};
			name = Debug;
		};
		FAAAC0DD1AE681FE00EF3015 /* Release */ = {
			isa = XCBuildConfiguration;
			buildSettings = {
				ASSETCATALOG_COMPILER_APPICON_NAME = AppIcon;
				INFOPLIST_FILE = Happiness/Info.plist;
				LD_RUNPATH_SEARCH_PATHS = "$(inherited) @executable_path/Frameworks";
				PRODUCT_NAME = "$(TARGET_NAME)";
			};
			name = Release;
		};
		FAAAC0DF1AE681FE00EF3015 /* Debug */ = {
			isa = XCBuildConfiguration;
			buildSettings = {
				BUNDLE_LOADER = "$(TEST_HOST)";
				FRAMEWORK_SEARCH_PATHS = (
					"$(SDKROOT)/Developer/Library/Frameworks",
					"$(inherited)",
				);
				GCC_PREPROCESSOR_DEFINITIONS = (
					"DEBUG=1",
					"$(inherited)",
				);
				INFOPLIST_FILE = HappinessTests/Info.plist;
				LD_RUNPATH_SEARCH_PATHS = "$(inherited) @executable_path/Frameworks @loader_path/Frameworks";
				PRODUCT_NAME = "$(TARGET_NAME)";
				TEST_HOST = "$(BUILT_PRODUCTS_DIR)/Happiness.app/Happiness";
			};
			name = Debug;
		};
		FAAAC0E01AE681FE00EF3015 /* Release */ = {
			isa = XCBuildConfiguration;
			buildSettings = {
				BUNDLE_LOADER = "$(TEST_HOST)";
				FRAMEWORK_SEARCH_PATHS = (
					"$(SDKROOT)/Developer/Library/Frameworks",
					"$(inherited)",
				);
				INFOPLIST_FILE = HappinessTests/Info.plist;
				LD_RUNPATH_SEARCH_PATHS = "$(inherited) @executable_path/Frameworks @loader_path/Frameworks";
				PRODUCT_NAME = "$(TARGET_NAME)";
				TEST_HOST = "$(BUILT_PRODUCTS_DIR)/Happiness.app/Happiness";
			};
			name = Release;
		};
/* End XCBuildConfiguration section */

/* Begin XCConfigurationList section */
		FAAAC0B51AE681FE00EF3015 /* Build configuration list for PBXProject "Happiness" */ = {
			isa = XCConfigurationList;
			buildConfigurations = (
				FAAAC0D91AE681FE00EF3015 /* Debug */,
				FAAAC0DA1AE681FE00EF3015 /* Release */,
			);
			defaultConfigurationIsVisible = 0;
			defaultConfigurationName = Release;
		};
		FAAAC0DB1AE681FE00EF3015 /* Build configuration list for PBXNativeTarget "Happiness" */ = {
			isa = XCConfigurationList;
			buildConfigurations = (
				FAAAC0DC1AE681FE00EF3015 /* Debug */,
				FAAAC0DD1AE681FE00EF3015 /* Release */,
			);
			defaultConfigurationIsVisible = 0;
		};
		FAAAC0DE1AE681FE00EF3015 /* Build configuration list for PBXNativeTarget "HappinessTests" */ = {
			isa = XCConfigurationList;
			buildConfigurations = (
				FAAAC0DF1AE681FE00EF3015 /* Debug */,
				FAAAC0E01AE681FE00EF3015 /* Release */,
			);
			defaultConfigurationIsVisible = 0;
		};
/* End XCConfigurationList section */
	};
	rootObject = FAAAC0B21AE681FD00EF3015 /* Project object */;
}
